
Microsoft Visual Studio Solution File, Format Version 12.00
# Visual Studio Version 17
VisualStudioVersion = 17.10.35013.160
MinimumVisualStudioVersion = 10.0.40219.1
Project("{FAE04EC0-301F-11D3-BF4B-00C04F79EFBC}") = "LessonesProject", "LessonesProject\LessonesProject.csproj", "{2BFB2D7F-3A00-4284-AB86-3943C1795413}"
EndProject
Project("{FAE04EC0-301F-11D3-BF4B-00C04F79EFBC}") = "LessonsProjectTest", "LessonsProjectTest\LessonsProjectTest.csproj", "{5CC1B32F-7476-4F03-B615-DED2D2CE757C}"
EndProject
Global
	GlobalSection(SolutionConfigurationPlatforms) = preSolution
		Debug|Any CPU = Debug|Any CPU
		Release|Any CPU = Release|Any CPU
	EndGlobalSection
	GlobalSection(ProjectConfigurationPlatforms) = postSolution
		{2BFB2D7F-3A00-4284-AB86-3943C1795413}.Debug|Any CPU.ActiveCfg = Debug|Any CPU
		{2BFB2D7F-3A00-4284-AB86-3943C1795413}.Debug|Any CPU.Build.0 = Debug|Any CPU
		{2BFB2D7F-3A00-4284-AB86-3943C1795413}.Release|Any CPU.ActiveCfg = Release|Any CPU
		{2BFB2D7F-3A00-4284-AB86-3943C1795413}.Release|Any CPU.Build.0 = Release|Any CPU
		{5CC1B32F-7476-4F03-B615-DED2D2CE757C}.Debug|Any CPU.ActiveCfg = Debug|Any CPU
		{5CC1B32F-7476-4F03-B615-DED2D2CE757C}.Debug|Any CPU.Build.0 = Debug|Any CPU
		{5CC1B32F-7476-4F03-B615-DED2D2CE757C}.Release|Any CPU.ActiveCfg = Release|Any CPU
		{5CC1B32F-7476-4F03-B615-DED2D2CE757C}.Release|Any CPU.Build.0 = Release|Any CPU
	EndGlobalSection
	GlobalSection(SolutionProperties) = preSolution
		HideSolutionNode = FALSE
	EndGlobalSection
	GlobalSection(ExtensibilityGlobals) = postSolution
		SolutionGuid = {5A0CDA6F-3513-40E6-88CD-BD9A5940CD43}
	EndGlobalSection
EndGlobal
